PODS:
  - Alamofire (3.0.0)
  - AlamofireObjectMapper (1.1.0):
    - Alamofire (~> 3.0.0)
    - ObjectMapper (~> 0.19)
  - MTDates (1.0.3)
  - OAuthSwift (0.6.0)
  - ObjectMapper (0.19)

DEPENDENCIES:
  - Alamofire (= 3.0.0)
  - AlamofireObjectMapper (= 1.1.0)
  - MTDates
  - OAuthSwift
  - ObjectMapper (= 0.19)

SPEC CHECKSUMS:
  Alamofire: b61782387f81bcc538a0284cf2bb5d7995cd0a80
  AlamofireObjectMapper: e31eb96b6adf855bb1b7737ff47598c5f42eb61e
  MTDates: c65affdfb7b34001c5c9e3fe0beac4b1b8334a58
  OAuthSwift: 8895267fbd6437a52aea26541572a617c7a8c7c1
  ObjectMapper: a88114e5df20f055da63029f25cbc01014847c91

PODFILE CHECKSUM: 2aee4b14ecd02fb34f2ceb98f4ed05699d20d7ad

COCOAPODS: 1.0.1
