PODS:
  - Alamofire (4.4.0)
  - AlamofireObjectMapper (4.1.0):
    - Alamofire (~> 4.1)
    - ObjectMapper (~> 2.0)
  - DateTools (1.7.0)
  - MTDates (1.0.3)
  - OAuthSwift (1.1.1)
  - ObjectMapper (2.2.5)
  - Result (3.2.1)

DEPENDENCIES:
  - Alamofire (= 4.4.0)
  - AlamofireObjectMapper (= 4.1.0)
  - DateTools
  - MTDates
  - OAuthSwift (= 1.1.1)
  - ObjectMapper (= 2.2.5)
  - Result (= 3.2.1)

SPEC CHECKSUMS:
  Alamofire: dc44b1600b800eb63da6a19039a0083d62a6a62d
  AlamofireObjectMapper: 435adc82f5b367679bd9e71c4974a54efd0b2521
  DateTools: 53288ee8b905fdc75897a1e6b5cc0144b14cba60
  MTDates: c65affdfb7b34001c5c9e3fe0beac4b1b8334a58
  OAuthSwift: 6e3a103b3e5639411769cc7e199ec7e14bd1547f
  ObjectMapper: fb30f71e08470d1e5a20b199fafe1246281db898
  Result: 2453a22e5c5b11c0c3a478736e82cd02f763b781

PODFILE CHECKSUM: b283e32ef83b914d628dc2846e12ae44e18c84a6

COCOAPODS: 1.1.1
